{
  "requires": true,
  "lockfileVersion": 1,
  "dependencies": {
    "idle-js": {
      "version": "0.1.3",
      "resolved": "https://registry.npmjs.org/idle-js/-/idle-js-0.1.3.tgz",
      "integrity": "sha512-Hvd+OLMUWfVJUv/HoX7wtBgPwx2OdcEd2TzXcBQJyuINXcf7Ig2SgxRMuq2wZNkarf/+DrzV7NxwjKcexIfWBg=="
    },
    "idle-vue": {
      "version": "2.0.5",
      "resolved": "https://registry.npmjs.org/idle-vue/-/idle-vue-2.0.5.tgz",
      "integrity": "sha1-MA48zZWBcMTX76fMmuzoYHi+9XY=",
      "requires": {
        "idle-js": "^0.1.3"
      }
    }
  }
}
